
Microsoft Visual Studio Solution File, Format Version 12.00
# Visual Studio 14
VisualStudioVersion = 14.0.25123.0
MinimumVisualStudioVersion = 10.0.40219.1
Project("{FAE04EC0-301F-11D3-BF4B-00C04F79EFBC}") = "GigHub", "GigHub\GigHub.csproj", "{E09EEE1D-A974-4BF3-A1BC-8612BC7E51B4}"
EndProject
Project("{FAE04EC0-301F-11D3-BF4B-00C04F79EFBC}") = "GigHub.Tests", "GigHub.Tests\GigHub.Tests.csproj", "{C06760CD-B6FF-4027-B898-E841B156539D}"
EndProject
Global
	GlobalSection(SolutionConfigurationPlatforms) = preSolution
		Debug|Any CPU = Debug|Any CPU
		Release|Any CPU = Release|Any CPU
	EndGlobalSection
	GlobalSection(ProjectConfigurationPlatforms) = postSolution
		{E09EEE1D-A974-4BF3-A1BC-8612BC7E51B4}.Debug|Any CPU.ActiveCfg = Debug|Any CPU
		{E09EEE1D-A974-4BF3-A1BC-8612BC7E51B4}.Debug|Any CPU.Build.0 = Debug|Any CPU
		{E09EEE1D-A974-4BF3-A1BC-8612BC7E51B4}.Release|Any CPU.ActiveCfg = Release|Any CPU
		{E09EEE1D-A974-4BF3-A1BC-8612BC7E51B4}.Release|Any CPU.Build.0 = Release|Any CPU
		{C06760CD-B6FF-4027-B898-E841B156539D}.Debug|Any CPU.ActiveCfg = Debug|Any CPU
		{C06760CD-B6FF-4027-B898-E841B156539D}.Debug|Any CPU.Build.0 = Debug|Any CPU
		{C06760CD-B6FF-4027-B898-E841B156539D}.Release|Any CPU.ActiveCfg = Release|Any CPU
		{C06760CD-B6FF-4027-B898-E841B156539D}.Release|Any CPU.Build.0 = Release|Any CPU
	EndGlobalSection
	GlobalSection(SolutionProperties) = preSolution
		HideSolutionNode = FALSE
	EndGlobalSection
	GlobalSection(TeamFoundationVersionControl) = preSolution
		SccNumberOfProjects = 3
		SccEnterpriseProvider = {4CA58AB2-18FA-4F8D-95D4-32DDF27D184C}
		SccTeamFoundationServer = https://tchimev1.visualstudio.com/
		SccLocalPath0 = .
		SccProjectUniqueName1 = GigHub.Tests\\GigHub.Tests.csproj
		SccProjectName1 = GigHub.Tests
		SccLocalPath1 = GigHub.Tests
		SccProjectUniqueName2 = GigHub\\GigHub.csproj
		SccProjectName2 = GigHub
		SccLocalPath2 = GigHub
	EndGlobalSection
EndGlobal
